
Microsoft Visual Studio Solution File, Format Version 12.00
# Visual Studio Express 2012 for Windows Desktop
Project("{8BC9CEB8-8B4A-11D0-8D11-00A0C91BC942}") = "SalesTax", "SalesTax\SalesTax.vcxproj", "{399FD518-9DA5-4A1C-A042-2E371804656A}"
EndProject
Project("{8BC9CEB8-8B4A-11D0-8D11-00A0C91BC942}") = "CelciusToFahrenheit", "CelciusToFahrenheit\CelciusToFahrenheit.vcxproj", "{80F2D408-48D2-49B1-9F45-3A39C1A59ABC}"
EndProject
Project("{8BC9CEB8-8B4A-11D0-8D11-00A0C91BC942}") = "TotalWithDiscount", "TotalWithDiscount\TotalWithDiscount.vcxproj", "{0B651838-3EDD-46B2-B801-951C21D237F5}"
EndProject
Project("{8BC9CEB8-8B4A-11D0-8D11-00A0C91BC942}") = "BodyMassIndex", "BodyMassIndex\BodyMassIndex.vcxproj", "{B7F2437B-088B-4C81-95E2-CE8502F84174}"
EndProject
Project("{8BC9CEB8-8B4A-11D0-8D11-00A0C91BC942}") = "DollarGame", "DollarGame\DollarGame.vcxproj", "{BF910FEC-4CF9-4DA5-B9B2-3792204C55C0}"
EndProject
Project("{8BC9CEB8-8B4A-11D0-8D11-00A0C91BC942}") = "SoftwareSalesDiscount", "SoftwareSalesDiscount\SoftwareSalesDiscount.vcxproj", "{94BB351C-8904-4DCE-AEB6-E4D5219279D7}"
EndProject
Project("{8BC9CEB8-8B4A-11D0-8D11-00A0C91BC942}") = "SerendipityBookSellers", "SerendipityBookSellers\SerendipityBookSellers.vcxproj", "{2FDED36E-709C-4508-AD44-AE0C51944995}"
EndProject
Project("{8BC9CEB8-8B4A-11D0-8D11-00A0C91BC942}") = "MinMax", "MinMax\MinMax.vcxproj", "{AE38CFF8-2EEC-45C2-93F2-22250A0D35AC}"
EndProject
Project("{8BC9CEB8-8B4A-11D0-8D11-00A0C91BC942}") = "Factorial", "Factorial\Factorial.vcxproj", "{45CA9861-8E66-4CAD-A76D-BF07B68FDD16}"
EndProject
Project("{8BC9CEB8-8B4A-11D0-8D11-00A0C91BC942}") = "CtoF_Table", "CtoF_Table\CtoF_Table.vcxproj", "{076BE8D1-032C-4A34-BBF5-89F65238C291}"
EndProject
Project("{8BC9CEB8-8B4A-11D0-8D11-00A0C91BC942}") = "DistanceTraveled", "DistanceTraveled\DistanceTraveled.vcxproj", "{D60504C9-D231-4B88-A21F-0AA88555E1FD}"
EndProject
Project("{8BC9CEB8-8B4A-11D0-8D11-00A0C91BC942}") = "PropertyTax", "PropertyTax\PropertyTax.vcxproj", "{F962EAB6-99BD-4F5F-A125-A6C5E7D1F061}"
EndProject
Project("{8BC9CEB8-8B4A-11D0-8D11-00A0C91BC942}") = "PaintJobEstimator", "PaintJobEstimator\PaintJobEstimator.vcxproj", "{6C75832E-B387-4EFD-83CE-B46FB271F8BD}"
EndProject
Global
	GlobalSection(SolutionConfigurationPlatforms) = preSolution
		Debug|Win32 = Debug|Win32
		Release|Win32 = Release|Win32
	EndGlobalSection
	GlobalSection(ProjectConfigurationPlatforms) = postSolution
		{399FD518-9DA5-4A1C-A042-2E371804656A}.Debug|Win32.ActiveCfg = Debug|Win32
		{399FD518-9DA5-4A1C-A042-2E371804656A}.Debug|Win32.Build.0 = Debug|Win32
		{399FD518-9DA5-4A1C-A042-2E371804656A}.Release|Win32.ActiveCfg = Release|Win32
		{399FD518-9DA5-4A1C-A042-2E371804656A}.Release|Win32.Build.0 = Release|Win32
		{80F2D408-48D2-49B1-9F45-3A39C1A59ABC}.Debug|Win32.ActiveCfg = Debug|Win32
		{80F2D408-48D2-49B1-9F45-3A39C1A59ABC}.Debug|Win32.Build.0 = Debug|Win32
		{80F2D408-48D2-49B1-9F45-3A39C1A59ABC}.Release|Win32.ActiveCfg = Release|Win32
		{80F2D408-48D2-49B1-9F45-3A39C1A59ABC}.Release|Win32.Build.0 = Release|Win32
		{0B651838-3EDD-46B2-B801-951C21D237F5}.Debug|Win32.ActiveCfg = Debug|Win32
		{0B651838-3EDD-46B2-B801-951C21D237F5}.Debug|Win32.Build.0 = Debug|Win32
		{0B651838-3EDD-46B2-B801-951C21D237F5}.Release|Win32.ActiveCfg = Release|Win32
		{0B651838-3EDD-46B2-B801-951C21D237F5}.Release|Win32.Build.0 = Release|Win32
		{B7F2437B-088B-4C81-95E2-CE8502F84174}.Debug|Win32.ActiveCfg = Debug|Win32
		{B7F2437B-088B-4C81-95E2-CE8502F84174}.Debug|Win32.Build.0 = Debug|Win32
		{B7F2437B-088B-4C81-95E2-CE8502F84174}.Release|Win32.ActiveCfg = Release|Win32
		{B7F2437B-088B-4C81-95E2-CE8502F84174}.Release|Win32.Build.0 = Release|Win32
		{BF910FEC-4CF9-4DA5-B9B2-3792204C55C0}.Debug|Win32.ActiveCfg = Debug|Win32
		{BF910FEC-4CF9-4DA5-B9B2-3792204C55C0}.Debug|Win32.Build.0 = Debug|Win32
		{BF910FEC-4CF9-4DA5-B9B2-3792204C55C0}.Release|Win32.ActiveCfg = Release|Win32
		{BF910FEC-4CF9-4DA5-B9B2-3792204C55C0}.Release|Win32.Build.0 = Release|Win32
		{94BB351C-8904-4DCE-AEB6-E4D5219279D7}.Debug|Win32.ActiveCfg = Debug|Win32
		{94BB351C-8904-4DCE-AEB6-E4D5219279D7}.Debug|Win32.Build.0 = Debug|Win32
		{94BB351C-8904-4DCE-AEB6-E4D5219279D7}.Release|Win32.ActiveCfg = Release|Win32
		{94BB351C-8904-4DCE-AEB6-E4D5219279D7}.Release|Win32.Build.0 = Release|Win32
		{2FDED36E-709C-4508-AD44-AE0C51944995}.Debug|Win32.ActiveCfg = Debug|Win32
		{2FDED36E-709C-4508-AD44-AE0C51944995}.Debug|Win32.Build.0 = Debug|Win32
		{2FDED36E-709C-4508-AD44-AE0C51944995}.Release|Win32.ActiveCfg = Release|Win32
		{2FDED36E-709C-4508-AD44-AE0C51944995}.Release|Win32.Build.0 = Release|Win32
		{AE38CFF8-2EEC-45C2-93F2-22250A0D35AC}.Debug|Win32.ActiveCfg = Debug|Win32
		{AE38CFF8-2EEC-45C2-93F2-22250A0D35AC}.Debug|Win32.Build.0 = Debug|Win32
		{AE38CFF8-2EEC-45C2-93F2-22250A0D35AC}.Release|Win32.ActiveCfg = Release|Win32
		{AE38CFF8-2EEC-45C2-93F2-22250A0D35AC}.Release|Win32.Build.0 = Release|Win32
		{45CA9861-8E66-4CAD-A76D-BF07B68FDD16}.Debug|Win32.ActiveCfg = Debug|Win32
		{45CA9861-8E66-4CAD-A76D-BF07B68FDD16}.Debug|Win32.Build.0 = Debug|Win32
		{45CA9861-8E66-4CAD-A76D-BF07B68FDD16}.Release|Win32.ActiveCfg = Release|Win32
		{45CA9861-8E66-4CAD-A76D-BF07B68FDD16}.Release|Win32.Build.0 = Release|Win32
		{076BE8D1-032C-4A34-BBF5-89F65238C291}.Debug|Win32.ActiveCfg = Debug|Win32
		{076BE8D1-032C-4A34-BBF5-89F65238C291}.Debug|Win32.Build.0 = Debug|Win32
		{076BE8D1-032C-4A34-BBF5-89F65238C291}.Release|Win32.ActiveCfg = Release|Win32
		{076BE8D1-032C-4A34-BBF5-89F65238C291}.Release|Win32.Build.0 = Release|Win32
		{D60504C9-D231-4B88-A21F-0AA88555E1FD}.Debug|Win32.ActiveCfg = Debug|Win32
		{D60504C9-D231-4B88-A21F-0AA88555E1FD}.Debug|Win32.Build.0 = Debug|Win32
		{D60504C9-D231-4B88-A21F-0AA88555E1FD}.Release|Win32.ActiveCfg = Release|Win32
		{D60504C9-D231-4B88-A21F-0AA88555E1FD}.Release|Win32.Build.0 = Release|Win32
		{F962EAB6-99BD-4F5F-A125-A6C5E7D1F061}.Debug|Win32.ActiveCfg = Debug|Win32
		{F962EAB6-99BD-4F5F-A125-A6C5E7D1F061}.Debug|Win32.Build.0 = Debug|Win32
		{F962EAB6-99BD-4F5F-A125-A6C5E7D1F061}.Release|Win32.ActiveCfg = Release|Win32
		{F962EAB6-99BD-4F5F-A125-A6C5E7D1F061}.Release|Win32.Build.0 = Release|Win32
		{6C75832E-B387-4EFD-83CE-B46FB271F8BD}.Debug|Win32.ActiveCfg = Debug|Win32
		{6C75832E-B387-4EFD-83CE-B46FB271F8BD}.Debug|Win32.Build.0 = Debug|Win32
		{6C75832E-B387-4EFD-83CE-B46FB271F8BD}.Release|Win32.ActiveCfg = Release|Win32
		{6C75832E-B387-4EFD-83CE-B46FB271F8BD}.Release|Win32.Build.0 = Release|Win32
	EndGlobalSection
	GlobalSection(SolutionProperties) = preSolution
		HideSolutionNode = FALSE
	EndGlobalSection
EndGlobal
